// !$*UTF8*$!
{
	archiveVersion = 1;
	classes = {
	};
	objectVersion = 77;
	objects = {

/* Begin PBXContainerItemProxy section */
		699BD97C2E69B3E90068C0FF /* PBXContainerItemProxy */ = {
			isa = PBXContainerItemProxy;
			containerPortal = 699BD9632E69B3E40068C0FF /* Project object */;
			proxyType = 1;
			remoteGlobalIDString = 699BD96A2E69B3E50068C0FF;
			remoteInfo = TweetCatApp;
		};
		699BD9862E69B3E90068C0FF /* PBXContainerItemProxy */ = {
			isa = PBXContainerItemProxy;
			containerPortal = 699BD9632E69B3E40068C0FF /* Project object */;
			proxyType = 1;
			remoteGlobalIDString = 699BD96A2E69B3E50068C0FF;
			remoteInfo = TweetCatApp;
		};
/* End PBXContainerItemProxy section */

/* Begin PBXFileReference section */
		699BD96B2E69B3E50068C0FF /* TweetCatApp.app */ = {isa = PBXFileReference; explicitFileType = wrapper.application; includeInIndex = 0; path = TweetCatApp.app; sourceTree = BUILT_PRODUCTS_DIR; };
		699BD97B2E69B3E90068C0FF /* TweetCatAppTests.xctest */ = {isa = PBXFileReference; explicitFileType = wrapper.cfbundle; includeInIndex = 0; path = TweetCatAppTests.xctest; sourceTree = BUILT_PRODUCTS_DIR; };
		699BD9852E69B3E90068C0FF /* TweetCatAppUITests.xctest */ = {isa = PBXFileReference; explicitFileType = wrapper.cfbundle; includeInIndex = 0; path = TweetCatAppUITests.xctest; sourceTree = BUILT_PRODUCTS_DIR; };
/* End PBXFileReference section */

/* Begin PBXFileSystemSynchronizedRootGroup section */
		699BD96D2E69B3E50068C0FF /* TweetCatApp */ = {
			isa = PBXFileSystemSynchronizedRootGroup;
			path = TweetCatApp;
			sourceTree = "<group>";
		};
		699BD97E2E69B3E90068C0FF /* TweetCatAppTests */ = {
			isa = PBXFileSystemSynchronizedRootGroup;
			path = TweetCatAppTests;
			sourceTree = "<group>";
		};
		699BD9882E69B3E90068C0FF /* TweetCatAppUITests */ = {
			isa = PBXFileSystemSynchronizedRootGroup;
			path = TweetCatAppUITests;
			sourceTree = "<group>";
		};
/* End PBXFileSystemSynchronizedRootGroup section */

/* Begin PBXFrameworksBuildPhase section */
		699BD9682E69B3E50068C0FF /* Frameworks */ = {
			isa = PBXFrameworksBuildPhase;
			buildActionMask = 2147483647;
			files = (
			);
			runOnlyForDeploymentPostprocessing = 0;
		};
		699BD9782E69B3E90068C0FF /* Frameworks */ = {
			isa = PBXFrameworksBuildPhase;
			buildActionMask = 2147483647;
			files = (
			);
			runOnlyForDeploymentPostprocessing = 0;
		};
		699BD9822E69B3E90068C0FF /* Frameworks */ = {
			isa = PBXFrameworksBuildPhase;
			buildActionMask = 2147483647;
			files = (
			);
			runOnlyForDeploymentPostprocessing = 0;
		};
/* End PBXFrameworksBuildPhase section */

/* Begin PBXGroup section */
		699BD9622E69B3E40068C0FF = {
			isa = PBXGroup;
			children = (
				699BD96D2E69B3E50068C0FF /* TweetCatApp */,
				699BD97E2E69B3E90068C0FF /* TweetCatAppTests */,
				699BD9882E69B3E90068C0FF /* TweetCatAppUITests */,
				699BD96C2E69B3E50068C0FF /* Products */,
			);
			sourceTree = "<group>";
		};
		699BD96C2E69B3E50068C0FF /* Products */ = {
			isa = PBXGroup;
			children = (
				699BD96B2E69B3E50068C0FF /* TweetCatApp.app */,
				699BD97B2E69B3E90068C0FF /* TweetCatAppTests.xctest */,
				699BD9852E69B3E90068C0FF /* TweetCatAppUITests.xctest */,
			);
			name = Products;
			sourceTree = "<group>";
		};
/* End PBXGroup section */

/* Begin PBXNativeTarget section */
		699BD96A2E69B3E50068C0FF /* TweetCatApp */ = {
			isa = PBXNativeTarget;
			buildConfigurationList = 699BD98F2E69B3E90068C0FF /* Build configuration list for PBXNativeTarget "TweetCatApp" */;
			buildPhases = (
				699BD9672E69B3E50068C0FF /* Sources */,
				699BD9682E69B3E50068C0FF /* Frameworks */,
				699BD9692E69B3E50068C0FF /* Resources */,
			);
			buildRules = (
			);
			dependencies = (
			);
			fileSystemSynchronizedGroups = (
				699BD96D2E69B3E50068C0FF /* TweetCatApp */,
			);
			name = TweetCatApp;
			packageProductDependencies = (
			);
			productName = TweetCatApp;
			productReference = 699BD96B2E69B3E50068C0FF /* TweetCatApp.app */;
			productType = "com.apple.product-type.application";
		};
		699BD97A2E69B3E90068C0FF /* TweetCatAppTests */ = {
			isa = PBXNativeTarget;
			buildConfigurationList = 699BD9922E69B3E90068C0FF /* Build configuration list for PBXNativeTarget "TweetCatAppTests" */;
			buildPhases = (
				699BD9772E69B3E90068C0FF /* Sources */,
				699BD9782E69B3E90068C0FF /* Frameworks */,
				699BD9792E69B3E90068C0FF /* Resources */,
			);
			buildRules = (
			);
			dependencies = (
				699BD97D2E69B3E90068C0FF /* PBXTargetDependency */,
			);
			fileSystemSynchronizedGroups = (
				699BD97E2E69B3E90068C0FF /* TweetCatAppTests */,
			);
			name = TweetCatAppTests;
			packageProductDependencies = (
			);
			productName = TweetCatAppTests;
			productReference = 699BD97B2E69B3E90068C0FF /* TweetCatAppTests.xctest */;
			productType = "com.apple.product-type.bundle.unit-test";
		};
		699BD9842E69B3E90068C0FF /* TweetCatAppUITests */ = {
			isa = PBXNativeTarget;
			buildConfigurationList = 699BD9952E69B3E90068C0FF /* Build configuration list for PBXNativeTarget "TweetCatAppUITests" */;
			buildPhases = (
				699BD9812E69B3E90068C0FF /* Sources */,
				699BD9822E69B3E90068C0FF /* Frameworks */,
				699BD9832E69B3E90068C0FF /* Resources */,
			);
			buildRules = (
			);
			dependencies = (
				699BD9872E69B3E90068C0FF /* PBXTargetDependency */,
			);
			fileSystemSynchronizedGroups = (
				699BD9882E69B3E90068C0FF /* TweetCatAppUITests */,
			);
			name = TweetCatAppUITests;
			packageProductDependencies = (
			);
			productName = TweetCatAppUITests;
			productReference = 699BD9852E69B3E90068C0FF /* TweetCatAppUITests.xctest */;
			productType = "com.apple.product-type.bundle.ui-testing";
		};
/* End PBXNativeTarget section */

/* Begin PBXProject section */
		699BD9632E69B3E40068C0FF /* Project object */ = {
			isa = PBXProject;
			attributes = {
				BuildIndependentTargetsInParallel = 1;
				LastSwiftUpdateCheck = 1640;
				LastUpgradeCheck = 1640;
				TargetAttributes = {
					699BD96A2E69B3E50068C0FF = {
						CreatedOnToolsVersion = 16.4;
					};
					699BD97A2E69B3E90068C0FF = {
						CreatedOnToolsVersion = 16.4;
						TestTargetID = 699BD96A2E69B3E50068C0FF;
					};
					699BD9842E69B3E90068C0FF = {
						CreatedOnToolsVersion = 16.4;
						TestTargetID = 699BD96A2E69B3E50068C0FF;
					};
				};
			};
			buildConfigurationList = 699BD9662E69B3E40068C0FF /* Build configuration list for PBXProject "TweetCatApp" */;
			developmentRegion = en;
			hasScannedForEncodings = 0;
			knownRegions = (
				en,
				Base,
			);
			mainGroup = 699BD9622E69B3E40068C0FF;
			minimizedProjectReferenceProxies = 1;
			preferredProjectObjectVersion = 77;
			productRefGroup = 699BD96C2E69B3E50068C0FF /* Products */;
			projectDirPath = "";
			projectRoot = "";
			targets = (
				699BD96A2E69B3E50068C0FF /* TweetCatApp */,
				699BD97A2E69B3E90068C0FF /* TweetCatAppTests */,
				699BD9842E69B3E90068C0FF /* TweetCatAppUITests */,
			);
		};
/* End PBXProject section */

/* Begin PBXResourcesBuildPhase section */
		699BD9692E69B3E50068C0FF /* Resources */ = {
			isa = PBXResourcesBuildPhase;
			buildActionMask = 2147483647;
			files = (
			);
			runOnlyForDeploymentPostprocessing = 0;
		};
		699BD9792E69B3E90068C0FF /* Resources */ = {
			isa = PBXResourcesBuildPhase;
			buildActionMask = 2147483647;
			files = (
			);
			runOnlyForDeploymentPostprocessing = 0;
		};
		699BD9832E69B3E90068C0FF /* Resources */ = {
			isa = PBXResourcesBuildPhase;
			buildActionMask = 2147483647;
			files = (
			);
			runOnlyForDeploymentPostprocessing = 0;
		};
/* End PBXResourcesBuildPhase section */

/* Begin PBXSourcesBuildPhase section */
		699BD9672E69B3E50068C0FF /* Sources */ = {
			isa = PBXSourcesBuildPhase;
			buildActionMask = 2147483647;
			files = (
			);
			runOnlyForDeploymentPostprocessing = 0;
		};
		699BD9772E69B3E90068C0FF /* Sources */ = {
			isa = PBXSourcesBuildPhase;
			buildActionMask = 2147483647;
			files = (
			);
			runOnlyForDeploymentPostprocessing = 0;
		};
		699BD9812E69B3E90068C0FF /* Sources */ = {
			isa = PBXSourcesBuildPhase;
			buildActionMask = 2147483647;
			files = (
			);
			runOnlyForDeploymentPostprocessing = 0;
		};
/* End PBXSourcesBuildPhase section */

/* Begin PBXTargetDependency section */
		699BD97D2E69B3E90068C0FF /* PBXTargetDependency */ = {
			isa = PBXTargetDependency;
			target = 699BD96A2E69B3E50068C0FF /* TweetCatApp */;
			targetProxy = 699BD97C2E69B3E90068C0FF /* PBXContainerItemProxy */;
		};
		699BD9872E69B3E90068C0FF /* PBXTargetDependency */ = {
			isa = PBXTargetDependency;
			target = 699BD96A2E69B3E50068C0FF /* TweetCatApp */;
			targetProxy = 699BD9862E69B3E90068C0FF /* PBXContainerItemProxy */;
		};
/* End PBXTargetDependency section */

/* Begin XCBuildConfiguration section */
		699BD98D2E69B3E90068C0FF /* Debug */ = {
			isa = XCBuildConfiguration;
			buildSettings = {
				ALWAYS_SEARCH_USER_PATHS = NO;
				ASSETCATALOG_COMPILER_GENERATE_SWIFT_ASSET_SYMBOL_EXTENSIONS = YES;
				CLANG_ANALYZER_NONNULL = YES;
				CLANG_ANALYZER_NUMBER_OBJECT_CONVERSION = YES_AGGRESSIVE;
				CLANG_CXX_LANGUAGE_STANDARD = "gnu++20";
				CLANG_ENABLE_MODULES = YES;
				CLANG_ENABLE_OBJC_ARC = YES;
				CLANG_ENABLE_OBJC_WEAK = YES;
				CLANG_WARN_BLOCK_CAPTURE_AUTORELEASING = YES;
				CLANG_WARN_BOOL_CONVERSION = YES;
				CLANG_WARN_COMMA = YES;
				CLANG_WARN_CONSTANT_CONVERSION = YES;
				CLANG_WARN_DEPRECATED_OBJC_IMPLEMENTATIONS = YES;
				CLANG_WARN_DIRECT_OBJC_ISA_USAGE = YES_ERROR;
				CLANG_WARN_DOCUMENTATION_COMMENTS = YES;
				CLANG_WARN_EMPTY_BODY = YES;
				CLANG_WARN_ENUM_CONVERSION = YES;
				CLANG_WARN_INFINITE_RECURSION = YES;
				CLANG_WARN_INT_CONVERSION = YES;
				CLANG_WARN_NON_LITERAL_NULL_CONVERSION = YES;
				CLANG_WARN_OBJC_IMPLICIT_RETAIN_SELF = YES;
				CLANG_WARN_OBJC_LITERAL_CONVERSION = YES;
				CLANG_WARN_OBJC_ROOT_CLASS = YES_ERROR;
				CLANG_WARN_QUOTED_INCLUDE_IN_FRAMEWORK_HEADER = YES;
				CLANG_WARN_RANGE_LOOP_ANALYSIS = YES;
				CLANG_WARN_STRICT_PROTOTYPES = YES;
				CLANG_WARN_SUSPICIOUS_MOVE = YES;
				CLANG_WARN_UNGUARDED_AVAILABILITY = YES_AGGRESSIVE;
				CLANG_WARN_UNREACHABLE_CODE = YES;
				CLANG_WARN__DUPLICATE_METHOD_MATCH = YES;
				COPY_PHASE_STRIP = NO;
				DEBUG_INFORMATION_FORMAT = dwarf;
				DEVELOPMENT_TEAM = 2XYK8RBB6M;
				ENABLE_STRICT_OBJC_MSGSEND = YES;
				ENABLE_TESTABILITY = YES;
				ENABLE_USER_SCRIPT_SANDBOXING = YES;
				GCC_C_LANGUAGE_STANDARD = gnu17;
				GCC_DYNAMIC_NO_PIC = NO;
				GCC_NO_COMMON_BLOCKS = YES;
				GCC_OPTIMIZATION_LEVEL = 0;
				GCC_PREPROCESSOR_DEFINITIONS = (
					"DEBUG=1",
					"$(inherited)",
				);
				GCC_WARN_64_TO_32_BIT_CONVERSION = YES;
				GCC_WARN_ABOUT_RETURN_TYPE = YES_ERROR;
				GCC_WARN_UNDECLARED_SELECTOR = YES;
				GCC_WARN_UNINITIALIZED_AUTOS = YES_AGGRESSIVE;
				GCC_WARN_UNUSED_FUNCTION = YES;
				GCC_WARN_UNUSED_VARIABLE = YES;
				LOCALIZATION_PREFERS_STRING_CATALOGS = YES;
				MACOSX_DEPLOYMENT_TARGET = 15.5;
				MTL_ENABLE_DEBUG_INFO = INCLUDE_SOURCE;
				MTL_FAST_MATH = YES;
				ONLY_ACTIVE_ARCH = YES;
				SDKROOT = macosx;
				SWIFT_ACTIVE_COMPILATION_CONDITIONS = "DEBUG $(inherited)";
				SWIFT_OPTIMIZATION_LEVEL = "-Onone";
			};
			name = Debug;
		};
		699BD98E2E69B3E90068C0FF /* Release */ = {
			isa = XCBuildConfiguration;
			buildSettings = {
				ALWAYS_SEARCH_USER_PATHS = NO;
				ASSETCATALOG_COMPILER_GENERATE_SWIFT_ASSET_SYMBOL_EXTENSIONS = YES;
				CLANG_ANALYZER_NONNULL = YES;
				CLANG_ANALYZER_NUMBER_OBJECT_CONVERSION = YES_AGGRESSIVE;
				CLANG_CXX_LANGUAGE_STANDARD = "gnu++20";
				CLANG_ENABLE_MODULES = YES;
				CLANG_ENABLE_OBJC_ARC = YES;
				CLANG_ENABLE_OBJC_WEAK = YES;
				CLANG_WARN_BLOCK_CAPTURE_AUTORELEASING = YES;
				CLANG_WARN_BOOL_CONVERSION = YES;
				CLANG_WARN_COMMA = YES;
				CLANG_WARN_CONSTANT_CONVERSION = YES;
				CLANG_WARN_DEPRECATED_OBJC_IMPLEMENTATIONS = YES;
				CLANG_WARN_DIRECT_OBJC_ISA_USAGE = YES_ERROR;
				CLANG_WARN_DOCUMENTATION_COMMENTS = YES;
				CLANG_WARN_EMPTY_BODY = YES;
				CLANG_WARN_ENUM_CONVERSION = YES;
				CLANG_WARN_INFINITE_RECURSION = YES;
				CLANG_WARN_INT_CONVERSION = YES;
				CLANG_WARN_NON_LITERAL_NULL_CONVERSION = YES;
				CLANG_WARN_OBJC_IMPLICIT_RETAIN_SELF = YES;
				CLANG_WARN_OBJC_LITERAL_CONVERSION = YES;
				CLANG_WARN_OBJC_ROOT_CLASS = YES_ERROR;
				CLANG_WARN_QUOTED_INCLUDE_IN_FRAMEWORK_HEADER = YES;
				CLANG_WARN_RANGE_LOOP_ANALYSIS = YES;
				CLANG_WARN_STRICT_PROTOTYPES = YES;
				CLANG_WARN_SUSPICIOUS_MOVE = YES;
				CLANG_WARN_UNGUARDED_AVAILABILITY = YES_AGGRESSIVE;
				CLANG_WARN_UNREACHABLE_CODE = YES;
				CLANG_WARN__DUPLICATE_METHOD_MATCH = YES;
				COPY_PHASE_STRIP = NO;
				DEBUG_INFORMATION_FORMAT = "dwarf-with-dsym";
				DEVELOPMENT_TEAM = 2XYK8RBB6M;
				ENABLE_NS_ASSERTIONS = NO;
				ENABLE_STRICT_OBJC_MSGSEND = YES;
				ENABLE_USER_SCRIPT_SANDBOXING = YES;
				GCC_C_LANGUAGE_STANDARD = gnu17;
				GCC_NO_COMMON_BLOCKS = YES;
				GCC_WARN_64_TO_32_BIT_CONVERSION = YES;
				GCC_WARN_ABOUT_RETURN_TYPE = YES_ERROR;
				GCC_WARN_UNDECLARED_SELECTOR = YES;
				GCC_WARN_UNINITIALIZED_AUTOS = YES_AGGRESSIVE;
				GCC_WARN_UNUSED_FUNCTION = YES;
				GCC_WARN_UNUSED_VARIABLE = YES;
				LOCALIZATION_PREFERS_STRING_CATALOGS = YES;
				MACOSX_DEPLOYMENT_TARGET = 15.5;
				MTL_ENABLE_DEBUG_INFO = NO;
				MTL_FAST_MATH = YES;
				SDKROOT = macosx;
				SWIFT_COMPILATION_MODE = wholemodule;
			};
			name = Release;
		};
		699BD9902E69B3E90068C0FF /* Debug */ = {
			isa = XCBuildConfiguration;
			buildSettings = {
				ASSETCATALOG_COMPILER_APPICON_NAME = AppIcon;
				ASSETCATALOG_COMPILER_GLOBAL_ACCENT_COLOR_NAME = AccentColor;
				CODE_SIGN_ENTITLEMENTS = TweetCatApp/TweetCatApp.entitlements;
				CODE_SIGN_STYLE = Automatic;
				COMBINE_HIDPI_IMAGES = YES;
				CURRENT_PROJECT_VERSION = 1;
				DEVELOPMENT_TEAM = 2XYK8RBB6M;
				ENABLE_HARDENED_RUNTIME = YES;
				ENABLE_PREVIEWS = YES;
				GENERATE_INFOPLIST_FILE = YES;
				INFOPLIST_KEY_NSHumanReadableCopyright = "";
				LD_RUNPATH_SEARCH_PATHS = (
					"$(inherited)",
					"@executable_path/../Frameworks",
				);
				MACOSX_DEPLOYMENT_TARGET = 14.0;
				MARKETING_VERSION = 1.0;
				PRODUCT_BUNDLE_IDENTIFIER = com.dessage.TweetCatApp;
				PRODUCT_NAME = "$(TARGET_NAME)";
				REGISTER_APP_GROUPS = YES;
				SWIFT_EMIT_LOC_STRINGS = YES;
				SWIFT_VERSION = 5.0;
			};
			name = Debug;
		};
		699BD9912E69B3E90068C0FF /* Release */ = {
			isa = XCBuildConfiguration;
			buildSettings = {
				ASSETCATALOG_COMPILER_APPICON_NAME = AppIcon;
				ASSETCATALOG_COMPILER_GLOBAL_ACCENT_COLOR_NAME = AccentColor;
				CODE_SIGN_ENTITLEMENTS = TweetCatApp/TweetCatApp.entitlements;
				CODE_SIGN_STYLE = Automatic;
				COMBINE_HIDPI_IMAGES = YES;
				CURRENT_PROJECT_VERSION = 1;
				DEVELOPMENT_TEAM = 2XYK8RBB6M;
				ENABLE_HARDENED_RUNTIME = YES;
				ENABLE_PREVIEWS = YES;
				GENERATE_INFOPLIST_FILE = YES;
				INFOPLIST_KEY_NSHumanReadableCopyright = "";
				LD_RUNPATH_SEARCH_PATHS = (
					"$(inherited)",
					"@executable_path/../Frameworks",
				);
				MACOSX_DEPLOYMENT_TARGET = 14.0;
				MARKETING_VERSION = 1.0;
				PRODUCT_BUNDLE_IDENTIFIER = com.dessage.TweetCatApp;
				PRODUCT_NAME = "$(TARGET_NAME)";
				REGISTER_APP_GROUPS = YES;
				SWIFT_EMIT_LOC_STRINGS = YES;
				SWIFT_VERSION = 5.0;
			};
			name = Release;
		};
		699BD9932E69B3E90068C0FF /* Debug */ = {
			isa = XCBuildConfiguration;
			buildSettings = {
				BUNDLE_LOADER = "$(TEST_HOST)";
				CODE_SIGN_STYLE = Automatic;
				CURRENT_PROJECT_VERSION = 1;
				DEVELOPMENT_TEAM = 2XYK8RBB6M;
				GENERATE_INFOPLIST_FILE = YES;
				MACOSX_DEPLOYMENT_TARGET = 14.0;
				MARKETING_VERSION = 1.0;
				PRODUCT_BUNDLE_IDENTIFIER = com.dessage.TweetCatAppTests;
				PRODUCT_NAME = "$(TARGET_NAME)";
				SWIFT_EMIT_LOC_STRINGS = NO;
				SWIFT_VERSION = 5.0;
				TEST_HOST = "$(BUILT_PRODUCTS_DIR)/TweetCatApp.app/$(BUNDLE_EXECUTABLE_FOLDER_PATH)/TweetCatApp";
			};
			name = Debug;
		};
		699BD9942E69B3E90068C0FF /* Release */ = {
			isa = XCBuildConfiguration;
			buildSettings = {
				BUNDLE_LOADER = "$(TEST_HOST)";
				CODE_SIGN_STYLE = Automatic;
				CURRENT_PROJECT_VERSION = 1;
				DEVELOPMENT_TEAM = 2XYK8RBB6M;
				GENERATE_INFOPLIST_FILE = YES;
				MACOSX_DEPLOYMENT_TARGET = 14.0;
				MARKETING_VERSION = 1.0;
				PRODUCT_BUNDLE_IDENTIFIER = com.dessage.TweetCatAppTests;
				PRODUCT_NAME = "$(TARGET_NAME)";
				SWIFT_EMIT_LOC_STRINGS = NO;
				SWIFT_VERSION = 5.0;
				TEST_HOST = "$(BUILT_PRODUCTS_DIR)/TweetCatApp.app/$(BUNDLE_EXECUTABLE_FOLDER_PATH)/TweetCatApp";
			};
			name = Release;
		};
		699BD9962E69B3E90068C0FF /* Debug */ = {
			isa = XCBuildConfiguration;
			buildSettings = {
				CODE_SIGN_STYLE = Automatic;
				CURRENT_PROJECT_VERSION = 1;
				DEVELOPMENT_TEAM = 2XYK8RBB6M;
				GENERATE_INFOPLIST_FILE = YES;
				MARKETING_VERSION = 1.0;
				PRODUCT_BUNDLE_IDENTIFIER = com.dessage.TweetCatAppUITests;
				PRODUCT_NAME = "$(TARGET_NAME)";
				SWIFT_EMIT_LOC_STRINGS = NO;
				SWIFT_VERSION = 5.0;
				TEST_TARGET_NAME = TweetCatApp;
			};
			name = Debug;
		};
		699BD9972E69B3E90068C0FF /* Release */ = {
			isa = XCBuildConfiguration;
			buildSettings = {
				CODE_SIGN_STYLE = Automatic;
				CURRENT_PROJECT_VERSION = 1;
				DEVELOPMENT_TEAM = 2XYK8RBB6M;
				GENERATE_INFOPLIST_FILE = YES;
				MARKETING_VERSION = 1.0;
				PRODUCT_BUNDLE_IDENTIFIER = com.dessage.TweetCatAppUITests;
				PRODUCT_NAME = "$(TARGET_NAME)";
				SWIFT_EMIT_LOC_STRINGS = NO;
				SWIFT_VERSION = 5.0;
				TEST_TARGET_NAME = TweetCatApp;
			};
			name = Release;
		};
/* End XCBuildConfiguration section */

/* Begin XCConfigurationList section */
		699BD9662E69B3E40068C0FF /* Build configuration list for PBXProject "TweetCatApp" */ = {
			isa = XCConfigurationList;
			buildConfigurations = (
				699BD98D2E69B3E90068C0FF /* Debug */,
				699BD98E2E69B3E90068C0FF /* Release */,
			);
			defaultConfigurationIsVisible = 0;
			defaultConfigurationName = Release;
		};
		699BD98F2E69B3E90068C0FF /* Build configuration list for PBXNativeTarget "TweetCatApp" */ = {
			isa = XCConfigurationList;
			buildConfigurations = (
				699BD9902E69B3E90068C0FF /* Debug */,
				699BD9912E69B3E90068C0FF /* Release */,
			);
			defaultConfigurationIsVisible = 0;
			defaultConfigurationName = Release;
		};
		699BD9922E69B3E90068C0FF /* Build configuration list for PBXNativeTarget "TweetCatAppTests" */ = {
			isa = XCConfigurationList;
			buildConfigurations = (
				699BD9932E69B3E90068C0FF /* Debug */,
				699BD9942E69B3E90068C0FF /* Release */,
			);
			defaultConfigurationIsVisible = 0;
			defaultConfigurationName = Release;
		};
		699BD9952E69B3E90068C0FF /* Build configuration list for PBXNativeTarget "TweetCatAppUITests" */ = {
			isa = XCConfigurationList;
			buildConfigurations = (
				699BD9962E69B3E90068C0FF /* Debug */,
				699BD9972E69B3E90068C0FF /* Release */,
			);
			defaultConfigurationIsVisible = 0;
			defaultConfigurationName = Release;
		};
/* End XCConfigurationList section */
	};
	rootObject = 699BD9632E69B3E40068C0FF /* Project object */;
}
